
Microsoft Visual Studio Solution File, Format Version 12.00
# Visual Studio Version 17
VisualStudioVersion = 17.13.35931.197 d17.13
MinimumVisualStudioVersion = 10.0.40219.1
Project("{FAE04EC0-301F-11D3-BF4B-00C04F79EFBC}") = "WH Maintenance Request System", "WH Maintenance Request System\WH Maintenance Request System.csproj", "{3E35D33C-D92E-4086-A155-4D5C927B20EC}"
EndProject
Global
	GlobalSection(SolutionConfigurationPlatforms) = preSolution
		Debug|Any CPU = Debug|Any CPU
		Release|Any CPU = Release|Any CPU
	EndGlobalSection
	GlobalSection(ProjectConfigurationPlatforms) = postSolution
		{3E35D33C-D92E-4086-A155-4D5C927B20EC}.Debug|Any CPU.ActiveCfg = Debug|Any CPU
		{3E35D33C-D92E-4086-A155-4D5C927B20EC}.Debug|Any CPU.Build.0 = Debug|Any CPU
		{3E35D33C-D92E-4086-A155-4D5C927B20EC}.Release|Any CPU.ActiveCfg = Release|Any CPU
		{3E35D33C-D92E-4086-A155-4D5C927B20EC}.Release|Any CPU.Build.0 = Release|Any CPU
	EndGlobalSection
	GlobalSection(SolutionProperties) = preSolution
		HideSolutionNode = FALSE
	EndGlobalSection
	GlobalSection(ExtensibilityGlobals) = postSolution
		SolutionGuid = {C96FD4ED-BB44-413B-82D5-1DBB2B8ACB85}
	EndGlobalSection
EndGlobal
